
Microsoft Visual Studio Solution File, Format Version 12.00
# Visual Studio Version 17
VisualStudioVersion = 17.3.32819.101
MinimumVisualStudioVersion = 10.0.40219.1
Project("{9A19103F-16F7-4668-BE54-9A1E7A4F7556}") = "KodPlay-CSGO-Client", "KodPlay-CSGO-Client\KodPlay-CSGO-Client.csproj", "{BE0F0B52-D47D-4034-8C4C-2448465E6503}"
EndProject
Project("{FAE04EC0-301F-11D3-BF4B-00C04F79EFBC}") = "KodPlay-Server", "KodPlay-Server\KodPlay-Server.csproj", "{DDE153FF-C496-4B68-8DA5-8D6B0CC8A76F}"
EndProject
Global
	GlobalSection(SolutionConfigurationPlatforms) = preSolution
		Debug|Any CPU = Debug|Any CPU
		Release|Any CPU = Release|Any CPU
	EndGlobalSection
	GlobalSection(ProjectConfigurationPlatforms) = postSolution
		{BE0F0B52-D47D-4034-8C4C-2448465E6503}.Debug|Any CPU.ActiveCfg = Debug|Any CPU
		{BE0F0B52-D47D-4034-8C4C-2448465E6503}.Debug|Any CPU.Build.0 = Debug|Any CPU
		{BE0F0B52-D47D-4034-8C4C-2448465E6503}.Release|Any CPU.ActiveCfg = Release|Any CPU
		{BE0F0B52-D47D-4034-8C4C-2448465E6503}.Release|Any CPU.Build.0 = Release|Any CPU
		{DDE153FF-C496-4B68-8DA5-8D6B0CC8A76F}.Debug|Any CPU.ActiveCfg = Debug|Any CPU
		{DDE153FF-C496-4B68-8DA5-8D6B0CC8A76F}.Debug|Any CPU.Build.0 = Debug|Any CPU
		{DDE153FF-C496-4B68-8DA5-8D6B0CC8A76F}.Release|Any CPU.ActiveCfg = Release|Any CPU
		{DDE153FF-C496-4B68-8DA5-8D6B0CC8A76F}.Release|Any CPU.Build.0 = Release|Any CPU
	EndGlobalSection
	GlobalSection(SolutionProperties) = preSolution
		HideSolutionNode = FALSE
	EndGlobalSection
	GlobalSection(ExtensibilityGlobals) = postSolution
		SolutionGuid = {C5D8AA9B-88BB-44B2-90D9-9B6FB267DDEA}
	EndGlobalSection
EndGlobal
